
Microsoft Visual Studio Solution File, Format Version 12.00
# Visual Studio Version 17
VisualStudioVersion = 17.7.34024.191
MinimumVisualStudioVersion = 10.0.40219.1
Project("{9A19103F-16F7-4668-BE54-9A1E7A4F7556}") = "Company.Logic", "Company.Logic\Company.Logic.csproj", "{C00CE01E-7B1A-443A-83CD-52B92EAB8882}"
EndProject
Project("{9A19103F-16F7-4668-BE54-9A1E7A4F7556}") = "Test", "Test\Test.csproj", "{A728EF5C-9F40-4CDA-8002-19A17A8D727E}"
EndProject
Project("{FAE04EC0-301F-11D3-BF4B-00C04F79EFBC}") = "Company.Interface", "Company.Interface\Company.Interface.csproj", "{4A041E46-5096-4F6E-8BC7-ABD4B55A04CA}"
EndProject
Global
	GlobalSection(SolutionConfigurationPlatforms) = preSolution
		Debug|Any CPU = Debug|Any CPU
		Release|Any CPU = Release|Any CPU
	EndGlobalSection
	GlobalSection(ProjectConfigurationPlatforms) = postSolution
		{C00CE01E-7B1A-443A-83CD-52B92EAB8882}.Debug|Any CPU.ActiveCfg = Debug|Any CPU
		{C00CE01E-7B1A-443A-83CD-52B92EAB8882}.Debug|Any CPU.Build.0 = Debug|Any CPU
		{C00CE01E-7B1A-443A-83CD-52B92EAB8882}.Release|Any CPU.ActiveCfg = Release|Any CPU
		{C00CE01E-7B1A-443A-83CD-52B92EAB8882}.Release|Any CPU.Build.0 = Release|Any CPU
		{A728EF5C-9F40-4CDA-8002-19A17A8D727E}.Debug|Any CPU.ActiveCfg = Debug|Any CPU
		{A728EF5C-9F40-4CDA-8002-19A17A8D727E}.Debug|Any CPU.Build.0 = Debug|Any CPU
		{A728EF5C-9F40-4CDA-8002-19A17A8D727E}.Release|Any CPU.ActiveCfg = Release|Any CPU
		{A728EF5C-9F40-4CDA-8002-19A17A8D727E}.Release|Any CPU.Build.0 = Release|Any CPU
		{4A041E46-5096-4F6E-8BC7-ABD4B55A04CA}.Debug|Any CPU.ActiveCfg = Debug|Any CPU
		{4A041E46-5096-4F6E-8BC7-ABD4B55A04CA}.Debug|Any CPU.Build.0 = Debug|Any CPU
		{4A041E46-5096-4F6E-8BC7-ABD4B55A04CA}.Release|Any CPU.ActiveCfg = Release|Any CPU
		{4A041E46-5096-4F6E-8BC7-ABD4B55A04CA}.Release|Any CPU.Build.0 = Release|Any CPU
	EndGlobalSection
	GlobalSection(SolutionProperties) = preSolution
		HideSolutionNode = FALSE
	EndGlobalSection
	GlobalSection(ExtensibilityGlobals) = postSolution
		SolutionGuid = {BBE3D72F-0B9B-423D-BF43-260CE9D9EA58}
	EndGlobalSection
EndGlobal
